
Microsoft Visual Studio Solution File, Format Version 12.00
# Visual Studio Version 16
VisualStudioVersion = 16.0.30204.135
MinimumVisualStudioVersion = 10.0.40219.1
Project("{8BC9CEB8-8B4A-11D0-8D11-00A0C91BC942}") = "PLZW_Serial", "PLZW_Serial\PLZW_Serial.vcxproj", "{77992639-8A5D-451C-B8A8-0D3A0B449E54}"
EndProject
Project("{8BC9CEB8-8B4A-11D0-8D11-00A0C91BC942}") = "PLZW_MPI", "PLZW_MPI\PLZW_MPI.vcxproj", "{A2B45524-74FC-4CC1-BB65-F8248D42F7E8}"
EndProject
Project("{8BC9CEB8-8B4A-11D0-8D11-00A0C91BC942}") = "PLZW_OMP", "PLZW_OMP\PLZW_OMP.vcxproj", "{49CC8CAF-686F-4D4B-955D-AE8E7C2B2672}"
EndProject
Project("{8BC9CEB8-8B4A-11D0-8D11-00A0C91BC942}") = "PLZW_CUDA", "PLZW_CUDA\PLZW_CUDA.vcxproj", "{EEA0FF03-7178-45DB-8C35-3961925F02E3}"
EndProject
Global
	GlobalSection(SolutionConfigurationPlatforms) = preSolution
		Debug|x64 = Debug|x64
		Debug|x86 = Debug|x86
		Release|x64 = Release|x64
		Release|x86 = Release|x86
	EndGlobalSection
	GlobalSection(ProjectConfigurationPlatforms) = postSolution
		{77992639-8A5D-451C-B8A8-0D3A0B449E54}.Debug|x64.ActiveCfg = Debug|x64
		{77992639-8A5D-451C-B8A8-0D3A0B449E54}.Debug|x64.Build.0 = Debug|x64
		{77992639-8A5D-451C-B8A8-0D3A0B449E54}.Debug|x86.ActiveCfg = Debug|Win32
		{77992639-8A5D-451C-B8A8-0D3A0B449E54}.Debug|x86.Build.0 = Debug|Win32
		{77992639-8A5D-451C-B8A8-0D3A0B449E54}.Release|x64.ActiveCfg = Release|x64
		{77992639-8A5D-451C-B8A8-0D3A0B449E54}.Release|x64.Build.0 = Release|x64
		{77992639-8A5D-451C-B8A8-0D3A0B449E54}.Release|x86.ActiveCfg = Release|Win32
		{77992639-8A5D-451C-B8A8-0D3A0B449E54}.Release|x86.Build.0 = Release|Win32
		{A2B45524-74FC-4CC1-BB65-F8248D42F7E8}.Debug|x64.ActiveCfg = Debug|x64
		{A2B45524-74FC-4CC1-BB65-F8248D42F7E8}.Debug|x64.Build.0 = Debug|x64
		{A2B45524-74FC-4CC1-BB65-F8248D42F7E8}.Debug|x86.ActiveCfg = Debug|Win32
		{A2B45524-74FC-4CC1-BB65-F8248D42F7E8}.Debug|x86.Build.0 = Debug|Win32
		{A2B45524-74FC-4CC1-BB65-F8248D42F7E8}.Release|x64.ActiveCfg = Release|x64
		{A2B45524-74FC-4CC1-BB65-F8248D42F7E8}.Release|x64.Build.0 = Release|x64
		{A2B45524-74FC-4CC1-BB65-F8248D42F7E8}.Release|x86.ActiveCfg = Release|Win32
		{A2B45524-74FC-4CC1-BB65-F8248D42F7E8}.Release|x86.Build.0 = Release|Win32
		{49CC8CAF-686F-4D4B-955D-AE8E7C2B2672}.Debug|x64.ActiveCfg = Debug|x64
		{49CC8CAF-686F-4D4B-955D-AE8E7C2B2672}.Debug|x64.Build.0 = Debug|x64
		{49CC8CAF-686F-4D4B-955D-AE8E7C2B2672}.Debug|x86.ActiveCfg = Debug|Win32
		{49CC8CAF-686F-4D4B-955D-AE8E7C2B2672}.Debug|x86.Build.0 = Debug|Win32
		{49CC8CAF-686F-4D4B-955D-AE8E7C2B2672}.Release|x64.ActiveCfg = Release|x64
		{49CC8CAF-686F-4D4B-955D-AE8E7C2B2672}.Release|x64.Build.0 = Release|x64
		{49CC8CAF-686F-4D4B-955D-AE8E7C2B2672}.Release|x86.ActiveCfg = Release|Win32
		{49CC8CAF-686F-4D4B-955D-AE8E7C2B2672}.Release|x86.Build.0 = Release|Win32
		{EEA0FF03-7178-45DB-8C35-3961925F02E3}.Debug|x64.ActiveCfg = Debug|x64
		{EEA0FF03-7178-45DB-8C35-3961925F02E3}.Debug|x64.Build.0 = Debug|x64
		{EEA0FF03-7178-45DB-8C35-3961925F02E3}.Debug|x86.ActiveCfg = Debug|Win32
		{EEA0FF03-7178-45DB-8C35-3961925F02E3}.Debug|x86.Build.0 = Debug|Win32
		{EEA0FF03-7178-45DB-8C35-3961925F02E3}.Release|x64.ActiveCfg = Release|x64
		{EEA0FF03-7178-45DB-8C35-3961925F02E3}.Release|x64.Build.0 = Release|x64
		{EEA0FF03-7178-45DB-8C35-3961925F02E3}.Release|x86.ActiveCfg = Release|Win32
		{EEA0FF03-7178-45DB-8C35-3961925F02E3}.Release|x86.Build.0 = Release|Win32
	EndGlobalSection
	GlobalSection(SolutionProperties) = preSolution
		HideSolutionNode = FALSE
	EndGlobalSection
	GlobalSection(ExtensibilityGlobals) = postSolution
		SolutionGuid = {2610977A-36A8-432D-9CB1-8FE1ECA04550}
	EndGlobalSection
EndGlobal
